<Solution>
  <Folder
     Name="/samples/">
    <Project
       Path="samples/Tailwind.Avalonia.Sample/Tailwind.Avalonia.Sample.csproj"/>
    <Project
       Path="samples/Tailwind.Avalonia.Sample.Desktop/Tailwind.Avalonia.Sample.Desktop.csproj"/>
    <Project
       Path="samples/Tailwind.Avalonia.Sample.Browser/Tailwind.Avalonia.Sample.Browser.csproj"/>
  </Folder>
  <Folder
     Name="/src/">
    <Project
       Path="src/Tailwind.Avalonia/Tailwind.Avalonia.csproj"/>
  </Folder>
  <Folder
     Name="/tests/">
    <Project
       Path="tests/Tailwind.Avalonia.Tests/Tailwind.Avalonia.Tests.csproj"/>
  </Folder>
</Solution>